// !$*UTF8*$!
{
	archiveVersion = 1;
	classes = {
	};
	objectVersion = 77;
	objects = {

/* Begin PBXBuildFile section */
		54669B122EBFF49200A2286F /* ContentView.swift in Sources */ = {isa = PBXBuildFile; fileRef = 54669B112EBFF49200A2286F /* ContentView.swift */; };
		54669B3C2EBFF66600A2286F /* HealthKitManager.swift in Sources */ = {isa = PBXBuildFile; fileRef = 54669B3B2EBFF66600A2286F /* HealthKitManager.swift */; };
		54669B402EBFF6B700A2286F /* HealthData.swift in Sources */ = {isa = PBXBuildFile; fileRef = 54669B3F2EBFF6B700A2286F /* HealthData.swift */; };
		54669B462EBFF78000A2286F /* ActivityInputView.swift in Sources */ = {isa = PBXBuildFile; fileRef = 54669B452EBFF78000A2286F /* ActivityInputView.swift */; };
		54669B482EBFF7D000A2286F /* AnalysisView.swift in Sources */ = {isa = PBXBuildFile; fileRef = 54669B472EBFF7D000A2286F /* AnalysisView.swift */; };
		54669B4A2EBFF7E800A2286F /* Config.swift in Sources */ = {isa = PBXBuildFile; fileRef = 54669B492EBFF7E800A2286F /* Config.swift */; };
		54669B4C2EBFF81B00A2286F /* LLMService.swift in Sources */ = {isa = PBXBuildFile; fileRef = 54669B4B2EBFF81B00A2286F /* LLMService.swift */; };
		54669B4E2EBFF85800A2286F /* DataManager.swift in Sources */ = {isa = PBXBuildFile; fileRef = 54669B4D2EBFF85800A2286F /* DataManager.swift */; };
		54669B502EBFF86300A2286F /* HistoryView.swift in Sources */ = {isa = PBXBuildFile; fileRef = 54669B4F2EBFF86300A2286F /* HistoryView.swift */; };
		54669B5A2EBFFA4900A2286F /* MockHealthKitManager.swift in Sources */ = {isa = PBXBuildFile; fileRef = 54669B592EBFFA4900A2286F /* MockHealthKitManager.swift */; };
		54669B5C2EBFFA9F00A2286F /* UserInput.swift in Sources */ = {isa = PBXBuildFile; fileRef = 54669B5B2EBFFA9F00A2286F /* UserInput.swift */; };
		54669B602EBFFE7700A2286F /* Secrets.plist in Resources */ = {isa = PBXBuildFile; fileRef = 54669B5F2EBFFE7700A2286F /* Secrets.plist */; };
		54669B622EC00E5200A2286F /* APIDebugHelper.swift in Sources */ = {isa = PBXBuildFile; fileRef = 54669B612EC00E5200A2286F /* APIDebugHelper.swift */; };
/* End PBXBuildFile section */

/* Begin PBXContainerItemProxy section */
		54669B1C2EBFF49400A2286F /* PBXContainerItemProxy */ = {
			isa = PBXContainerItemProxy;
			containerPortal = 54669B042EBFF49200A2286F /* Project object */;
			proxyType = 1;
			remoteGlobalIDString = 54669B0B2EBFF49200A2286F;
			remoteInfo = BalanceApp;
		};
		54669B262EBFF49400A2286F /* PBXContainerItemProxy */ = {
			isa = PBXContainerItemProxy;
			containerPortal = 54669B042EBFF49200A2286F /* Project object */;
			proxyType = 1;
			remoteGlobalIDString = 54669B0B2EBFF49200A2286F;
			remoteInfo = BalanceApp;
		};
/* End PBXContainerItemProxy section */

/* Begin PBXFileReference section */
		54669B0C2EBFF49200A2286F /* BalanceApp.app */ = {isa = PBXFileReference; explicitFileType = wrapper.application; includeInIndex = 0; path = BalanceApp.app; sourceTree = BUILT_PRODUCTS_DIR; };
		54669B112EBFF49200A2286F /* ContentView.swift */ = {isa = PBXFileReference; lastKnownFileType = sourcecode.swift; path = ContentView.swift; sourceTree = "<group>"; };
		54669B1B2EBFF49400A2286F /* BalanceAppTests.xctest */ = {isa = PBXFileReference; explicitFileType = wrapper.cfbundle; includeInIndex = 0; path = BalanceAppTests.xctest; sourceTree = BUILT_PRODUCTS_DIR; };
		54669B252EBFF49400A2286F /* BalanceAppUITests.xctest */ = {isa = PBXFileReference; explicitFileType = wrapper.cfbundle; includeInIndex = 0; path = BalanceAppUITests.xctest; sourceTree = BUILT_PRODUCTS_DIR; };
		54669B3B2EBFF66600A2286F /* HealthKitManager.swift */ = {isa = PBXFileReference; lastKnownFileType = sourcecode.swift; path = HealthKitManager.swift; sourceTree = "<group>"; };
		54669B3F2EBFF6B700A2286F /* HealthData.swift */ = {isa = PBXFileReference; lastKnownFileType = sourcecode.swift; path = HealthData.swift; sourceTree = "<group>"; };
		54669B452EBFF78000A2286F /* ActivityInputView.swift */ = {isa = PBXFileReference; lastKnownFileType = sourcecode.swift; path = ActivityInputView.swift; sourceTree = "<group>"; };
		54669B472EBFF7D000A2286F /* AnalysisView.swift */ = {isa = PBXFileReference; lastKnownFileType = sourcecode.swift; path = AnalysisView.swift; sourceTree = "<group>"; };
		54669B492EBFF7E800A2286F /* Config.swift */ = {isa = PBXFileReference; lastKnownFileType = sourcecode.swift; path = Config.swift; sourceTree = "<group>"; };
		54669B4B2EBFF81B00A2286F /* LLMService.swift */ = {isa = PBXFileReference; lastKnownFileType = sourcecode.swift; path = LLMService.swift; sourceTree = "<group>"; };
		54669B4D2EBFF85800A2286F /* DataManager.swift */ = {isa = PBXFileReference; lastKnownFileType = sourcecode.swift; path = DataManager.swift; sourceTree = "<group>"; };
		54669B4F2EBFF86300A2286F /* HistoryView.swift */ = {isa = PBXFileReference; lastKnownFileType = sourcecode.swift; path = HistoryView.swift; sourceTree = "<group>"; };
		54669B592EBFFA4900A2286F /* MockHealthKitManager.swift */ = {isa = PBXFileReference; lastKnownFileType = sourcecode.swift; path = MockHealthKitManager.swift; sourceTree = "<group>"; };
		54669B5B2EBFFA9F00A2286F /* UserInput.swift */ = {isa = PBXFileReference; lastKnownFileType = sourcecode.swift; path = UserInput.swift; sourceTree = "<group>"; };
		54669B5F2EBFFE7700A2286F /* Secrets.plist */ = {isa = PBXFileReference; lastKnownFileType = text.plist.xml; path = Secrets.plist; sourceTree = "<group>"; };
		54669B612EC00E5200A2286F /* APIDebugHelper.swift */ = {isa = PBXFileReference; lastKnownFileType = sourcecode.swift; path = APIDebugHelper.swift; sourceTree = "<group>"; };
/* End PBXFileReference section */

/* Begin PBXFileSystemSynchronizedBuildFileExceptionSet section */
		54669B3A2EBFF5EE00A2286F /* Exceptions for "BalanceApp" folder in "BalanceApp" target */ = {
			isa = PBXFileSystemSynchronizedBuildFileExceptionSet;
			membershipExceptions = (
				Info.plist,
			);
			target = 54669B0B2EBFF49200A2286F /* BalanceApp */;
		};
/* End PBXFileSystemSynchronizedBuildFileExceptionSet section */

/* Begin PBXFileSystemSynchronizedRootGroup section */
		54669B0E2EBFF49200A2286F /* BalanceApp */ = {
			isa = PBXFileSystemSynchronizedRootGroup;
			exceptions = (
				54669B3A2EBFF5EE00A2286F /* Exceptions for "BalanceApp" folder in "BalanceApp" target */,
			);
			path = BalanceApp;
			sourceTree = "<group>";
		};
		54669B1E2EBFF49400A2286F /* BalanceAppTests */ = {
			isa = PBXFileSystemSynchronizedRootGroup;
			path = BalanceAppTests;
			sourceTree = "<group>";
		};
		54669B282EBFF49400A2286F /* BalanceAppUITests */ = {
			isa = PBXFileSystemSynchronizedRootGroup;
			path = BalanceAppUITests;
			sourceTree = "<group>";
		};
/* End PBXFileSystemSynchronizedRootGroup section */

/* Begin PBXFrameworksBuildPhase section */
		54669B092EBFF49200A2286F /* Frameworks */ = {
			isa = PBXFrameworksBuildPhase;
			buildActionMask = 2147483647;
			files = (
			);
			runOnlyForDeploymentPostprocessing = 0;
		};
		54669B182EBFF49400A2286F /* Frameworks */ = {
			isa = PBXFrameworksBuildPhase;
			buildActionMask = 2147483647;
			files = (
			);
			runOnlyForDeploymentPostprocessing = 0;
		};
		54669B222EBFF49400A2286F /* Frameworks */ = {
			isa = PBXFrameworksBuildPhase;
			buildActionMask = 2147483647;
			files = (
			);
			runOnlyForDeploymentPostprocessing = 0;
		};
/* End PBXFrameworksBuildPhase section */

/* Begin PBXGroup section */
		54669B032EBFF49200A2286F = {
			isa = PBXGroup;
			children = (
				54669B562EBFFA1900A2286F /* Config */,
				54669B552EBFFA0500A2286F /* Views */,
				54669B542EBFF9E400A2286F /* Services */,
				54669B532EBFF9B500A2286F /* Models */,
				54669B0E2EBFF49200A2286F /* BalanceApp */,
				54669B1E2EBFF49400A2286F /* BalanceAppTests */,
				54669B282EBFF49400A2286F /* BalanceAppUITests */,
				54669B0D2EBFF49200A2286F /* Products */,
			);
			sourceTree = "<group>";
		};
		54669B0D2EBFF49200A2286F /* Products */ = {
			isa = PBXGroup;
			children = (
				54669B0C2EBFF49200A2286F /* BalanceApp.app */,
				54669B1B2EBFF49400A2286F /* BalanceAppTests.xctest */,
				54669B252EBFF49400A2286F /* BalanceAppUITests.xctest */,
			);
			name = Products;
			sourceTree = "<group>";
		};
		54669B532EBFF9B500A2286F /* Models */ = {
			isa = PBXGroup;
			children = (
				54669B5B2EBFFA9F00A2286F /* UserInput.swift */,
				54669B3F2EBFF6B700A2286F /* HealthData.swift */,
			);
			path = Models;
			sourceTree = "<group>";
		};
		54669B542EBFF9E400A2286F /* Services */ = {
			isa = PBXGroup;
			children = (
				54669B612EC00E5200A2286F /* APIDebugHelper.swift */,
				54669B592EBFFA4900A2286F /* MockHealthKitManager.swift */,
				54669B3B2EBFF66600A2286F /* HealthKitManager.swift */,
				54669B4B2EBFF81B00A2286F /* LLMService.swift */,
				54669B4D2EBFF85800A2286F /* DataManager.swift */,
			);
			path = Services;
			sourceTree = "<group>";
		};
		54669B552EBFFA0500A2286F /* Views */ = {
			isa = PBXGroup;
			children = (
				54669B452EBFF78000A2286F /* ActivityInputView.swift */,
				54669B472EBFF7D000A2286F /* AnalysisView.swift */,
				54669B4F2EBFF86300A2286F /* HistoryView.swift */,
				54669B112EBFF49200A2286F /* ContentView.swift */,
			);
			path = Views;
			sourceTree = "<group>";
		};
		54669B562EBFFA1900A2286F /* Config */ = {
			isa = PBXGroup;
			children = (
				54669B492EBFF7E800A2286F /* Config.swift */,
				54669B5F2EBFFE7700A2286F /* Secrets.plist */,
			);
			path = Config;
			sourceTree = "<group>";
		};
/* End PBXGroup section */

/* Begin PBXNativeTarget section */
		54669B0B2EBFF49200A2286F /* BalanceApp */ = {
			isa = PBXNativeTarget;
			buildConfigurationList = 54669B2F2EBFF49400A2286F /* Build configuration list for PBXNativeTarget "BalanceApp" */;
			buildPhases = (
				54669B082EBFF49200A2286F /* Sources */,
				54669B092EBFF49200A2286F /* Frameworks */,
				54669B0A2EBFF49200A2286F /* Resources */,
			);
			buildRules = (
			);
			dependencies = (
			);
			fileSystemSynchronizedGroups = (
				54669B0E2EBFF49200A2286F /* BalanceApp */,
			);
			name = BalanceApp;
			packageProductDependencies = (
			);
			productName = BalanceApp;
			productReference = 54669B0C2EBFF49200A2286F /* BalanceApp.app */;
			productType = "com.apple.product-type.application";
		};
		54669B1A2EBFF49400A2286F /* BalanceAppTests */ = {
			isa = PBXNativeTarget;
			buildConfigurationList = 54669B322EBFF49400A2286F /* Build configuration list for PBXNativeTarget "BalanceAppTests" */;
			buildPhases = (
				54669B172EBFF49400A2286F /* Sources */,
				54669B182EBFF49400A2286F /* Frameworks */,
				54669B192EBFF49400A2286F /* Resources */,
			);
			buildRules = (
			);
			dependencies = (
				54669B1D2EBFF49400A2286F /* PBXTargetDependency */,
			);
			fileSystemSynchronizedGroups = (
				54669B1E2EBFF49400A2286F /* BalanceAppTests */,
			);
			name = BalanceAppTests;
			packageProductDependencies = (
			);
			productName = BalanceAppTests;
			productReference = 54669B1B2EBFF49400A2286F /* BalanceAppTests.xctest */;
			productType = "com.apple.product-type.bundle.unit-test";
		};
		54669B242EBFF49400A2286F /* BalanceAppUITests */ = {
			isa = PBXNativeTarget;
			buildConfigurationList = 54669B352EBFF49400A2286F /* Build configuration list for PBXNativeTarget "BalanceAppUITests" */;
			buildPhases = (
				54669B212EBFF49400A2286F /* Sources */,
				54669B222EBFF49400A2286F /* Frameworks */,
				54669B232EBFF49400A2286F /* Resources */,
			);
			buildRules = (
			);
			dependencies = (
				54669B272EBFF49400A2286F /* PBXTargetDependency */,
			);
			fileSystemSynchronizedGroups = (
				54669B282EBFF49400A2286F /* BalanceAppUITests */,
			);
			name = BalanceAppUITests;
			packageProductDependencies = (
			);
			productName = BalanceAppUITests;
			productReference = 54669B252EBFF49400A2286F /* BalanceAppUITests.xctest */;
			productType = "com.apple.product-type.bundle.ui-testing";
		};
/* End PBXNativeTarget section */

/* Begin PBXProject section */
		54669B042EBFF49200A2286F /* Project object */ = {
			isa = PBXProject;
			attributes = {
				BuildIndependentTargetsInParallel = 1;
				LastSwiftUpdateCheck = 2610;
				LastUpgradeCheck = 2610;
				TargetAttributes = {
					54669B0B2EBFF49200A2286F = {
						CreatedOnToolsVersion = 26.1;
					};
					54669B1A2EBFF49400A2286F = {
						CreatedOnToolsVersion = 26.1;
						TestTargetID = 54669B0B2EBFF49200A2286F;
					};
					54669B242EBFF49400A2286F = {
						CreatedOnToolsVersion = 26.1;
						TestTargetID = 54669B0B2EBFF49200A2286F;
					};
				};
			};
			buildConfigurationList = 54669B072EBFF49200A2286F /* Build configuration list for PBXProject "BalanceApp" */;
			developmentRegion = en;
			hasScannedForEncodings = 0;
			knownRegions = (
				en,
				Base,
			);
			mainGroup = 54669B032EBFF49200A2286F;
			minimizedProjectReferenceProxies = 1;
			preferredProjectObjectVersion = 77;
			productRefGroup = 54669B0D2EBFF49200A2286F /* Products */;
			projectDirPath = "";
			projectRoot = "";
			targets = (
				54669B0B2EBFF49200A2286F /* BalanceApp */,
				54669B1A2EBFF49400A2286F /* BalanceAppTests */,
				54669B242EBFF49400A2286F /* BalanceAppUITests */,
			);
		};
/* End PBXProject section */

/* Begin PBXResourcesBuildPhase section */
		54669B0A2EBFF49200A2286F /* Resources */ = {
			isa = PBXResourcesBuildPhase;
			buildActionMask = 2147483647;
			files = (
				54669B602EBFFE7700A2286F /* Secrets.plist in Resources */,
			);
			runOnlyForDeploymentPostprocessing = 0;
		};
		54669B192EBFF49400A2286F /* Resources */ = {
			isa = PBXResourcesBuildPhase;
			buildActionMask = 2147483647;
			files = (
			);
			runOnlyForDeploymentPostprocessing = 0;
		};
		54669B232EBFF49400A2286F /* Resources */ = {
			isa = PBXResourcesBuildPhase;
			buildActionMask = 2147483647;
			files = (
			);
			runOnlyForDeploymentPostprocessing = 0;
		};
/* End PBXResourcesBuildPhase section */

/* Begin PBXSourcesBuildPhase section */
		54669B082EBFF49200A2286F /* Sources */ = {
			isa = PBXSourcesBuildPhase;
			buildActionMask = 2147483647;
			files = (
				54669B5A2EBFFA4900A2286F /* MockHealthKitManager.swift in Sources */,
				54669B122EBFF49200A2286F /* ContentView.swift in Sources */,
				54669B502EBFF86300A2286F /* HistoryView.swift in Sources */,
				54669B462EBFF78000A2286F /* ActivityInputView.swift in Sources */,
				54669B3C2EBFF66600A2286F /* HealthKitManager.swift in Sources */,
				54669B402EBFF6B700A2286F /* HealthData.swift in Sources */,
				54669B622EC00E5200A2286F /* APIDebugHelper.swift in Sources */,
				54669B4C2EBFF81B00A2286F /* LLMService.swift in Sources */,
				54669B4E2EBFF85800A2286F /* DataManager.swift in Sources */,
				54669B4A2EBFF7E800A2286F /* Config.swift in Sources */,
				54669B482EBFF7D000A2286F /* AnalysisView.swift in Sources */,
				54669B5C2EBFFA9F00A2286F /* UserInput.swift in Sources */,
			);
			runOnlyForDeploymentPostprocessing = 0;
		};
		54669B172EBFF49400A2286F /* Sources */ = {
			isa = PBXSourcesBuildPhase;
			buildActionMask = 2147483647;
			files = (
			);
			runOnlyForDeploymentPostprocessing = 0;
		};
		54669B212EBFF49400A2286F /* Sources */ = {
			isa = PBXSourcesBuildPhase;
			buildActionMask = 2147483647;
			files = (
			);
			runOnlyForDeploymentPostprocessing = 0;
		};
/* End PBXSourcesBuildPhase section */

/* Begin PBXTargetDependency section */
		54669B1D2EBFF49400A2286F /* PBXTargetDependency */ = {
			isa = PBXTargetDependency;
			target = 54669B0B2EBFF49200A2286F /* BalanceApp */;
			targetProxy = 54669B1C2EBFF49400A2286F /* PBXContainerItemProxy */;
		};
		54669B272EBFF49400A2286F /* PBXTargetDependency */ = {
			isa = PBXTargetDependency;
			target = 54669B0B2EBFF49200A2286F /* BalanceApp */;
			targetProxy = 54669B262EBFF49400A2286F /* PBXContainerItemProxy */;
		};
/* End PBXTargetDependency section */

/* Begin XCBuildConfiguration section */
		54669B2D2EBFF49400A2286F /* Debug */ = {
			isa = XCBuildConfiguration;
			buildSettings = {
				ALWAYS_SEARCH_USER_PATHS = NO;
				ASSETCATALOG_COMPILER_GENERATE_SWIFT_ASSET_SYMBOL_EXTENSIONS = YES;
				CLANG_ANALYZER_NONNULL = YES;
				CLANG_ANALYZER_NUMBER_OBJECT_CONVERSION = YES_AGGRESSIVE;
				CLANG_CXX_LANGUAGE_STANDARD = "gnu++20";
				CLANG_ENABLE_MODULES = YES;
				CLANG_ENABLE_OBJC_ARC = YES;
				CLANG_ENABLE_OBJC_WEAK = YES;
				CLANG_WARN_BLOCK_CAPTURE_AUTORELEASING = YES;
				CLANG_WARN_BOOL_CONVERSION = YES;
				CLANG_WARN_COMMA = YES;
				CLANG_WARN_CONSTANT_CONVERSION = YES;
				CLANG_WARN_DEPRECATED_OBJC_IMPLEMENTATIONS = YES;
				CLANG_WARN_DIRECT_OBJC_ISA_USAGE = YES_ERROR;
				CLANG_WARN_DOCUMENTATION_COMMENTS = YES;
				CLANG_WARN_EMPTY_BODY = YES;
				CLANG_WARN_ENUM_CONVERSION = YES;
				CLANG_WARN_INFINITE_RECURSION = YES;
				CLANG_WARN_INT_CONVERSION = YES;
				CLANG_WARN_NON_LITERAL_NULL_CONVERSION = YES;
				CLANG_WARN_OBJC_IMPLICIT_RETAIN_SELF = YES;
				CLANG_WARN_OBJC_LITERAL_CONVERSION = YES;
				CLANG_WARN_OBJC_ROOT_CLASS = YES_ERROR;
				CLANG_WARN_QUOTED_INCLUDE_IN_FRAMEWORK_HEADER = YES;
				CLANG_WARN_RANGE_LOOP_ANALYSIS = YES;
				CLANG_WARN_STRICT_PROTOTYPES = YES;
				CLANG_WARN_SUSPICIOUS_MOVE = YES;
				CLANG_WARN_UNGUARDED_AVAILABILITY = YES_AGGRESSIVE;
				CLANG_WARN_UNREACHABLE_CODE = YES;
				CLANG_WARN__DUPLICATE_METHOD_MATCH = YES;
				COPY_PHASE_STRIP = NO;
				DEBUG_INFORMATION_FORMAT = dwarf;
				DEVELOPMENT_TEAM = 7QGFK8Z369;
				ENABLE_STRICT_OBJC_MSGSEND = YES;
				ENABLE_TESTABILITY = YES;
				ENABLE_USER_SCRIPT_SANDBOXING = YES;
				GCC_C_LANGUAGE_STANDARD = gnu17;
				GCC_DYNAMIC_NO_PIC = NO;
				GCC_NO_COMMON_BLOCKS = YES;
				GCC_OPTIMIZATION_LEVEL = 0;
				GCC_PREPROCESSOR_DEFINITIONS = (
					"DEBUG=1",
					"$(inherited)",
				);
				GCC_WARN_64_TO_32_BIT_CONVERSION = YES;
				GCC_WARN_ABOUT_RETURN_TYPE = YES_ERROR;
				GCC_WARN_UNDECLARED_SELECTOR = YES;
				GCC_WARN_UNINITIALIZED_AUTOS = YES_AGGRESSIVE;
				GCC_WARN_UNUSED_FUNCTION = YES;
				GCC_WARN_UNUSED_VARIABLE = YES;
				IPHONEOS_DEPLOYMENT_TARGET = 26.1;
				LOCALIZATION_PREFERS_STRING_CATALOGS = YES;
				MTL_ENABLE_DEBUG_INFO = INCLUDE_SOURCE;
				MTL_FAST_MATH = YES;
				ONLY_ACTIVE_ARCH = YES;
				SDKROOT = iphoneos;
				SWIFT_ACTIVE_COMPILATION_CONDITIONS = "DEBUG $(inherited)";
				SWIFT_OPTIMIZATION_LEVEL = "-Onone";
			};
			name = Debug;
		};
		54669B2E2EBFF49400A2286F /* Release */ = {
			isa = XCBuildConfiguration;
			buildSettings = {
				ALWAYS_SEARCH_USER_PATHS = NO;
				ASSETCATALOG_COMPILER_GENERATE_SWIFT_ASSET_SYMBOL_EXTENSIONS = YES;
				CLANG_ANALYZER_NONNULL = YES;
				CLANG_ANALYZER_NUMBER_OBJECT_CONVERSION = YES_AGGRESSIVE;
				CLANG_CXX_LANGUAGE_STANDARD = "gnu++20";
				CLANG_ENABLE_MODULES = YES;
				CLANG_ENABLE_OBJC_ARC = YES;
				CLANG_ENABLE_OBJC_WEAK = YES;
				CLANG_WARN_BLOCK_CAPTURE_AUTORELEASING = YES;
				CLANG_WARN_BOOL_CONVERSION = YES;
				CLANG_WARN_COMMA = YES;
				CLANG_WARN_CONSTANT_CONVERSION = YES;
				CLANG_WARN_DEPRECATED_OBJC_IMPLEMENTATIONS = YES;
				CLANG_WARN_DIRECT_OBJC_ISA_USAGE = YES_ERROR;
				CLANG_WARN_DOCUMENTATION_COMMENTS = YES;
				CLANG_WARN_EMPTY_BODY = YES;
				CLANG_WARN_ENUM_CONVERSION = YES;
				CLANG_WARN_INFINITE_RECURSION = YES;
				CLANG_WARN_INT_CONVERSION = YES;
				CLANG_WARN_NON_LITERAL_NULL_CONVERSION = YES;
				CLANG_WARN_OBJC_IMPLICIT_RETAIN_SELF = YES;
				CLANG_WARN_OBJC_LITERAL_CONVERSION = YES;
				CLANG_WARN_OBJC_ROOT_CLASS = YES_ERROR;
				CLANG_WARN_QUOTED_INCLUDE_IN_FRAMEWORK_HEADER = YES;
				CLANG_WARN_RANGE_LOOP_ANALYSIS = YES;
				CLANG_WARN_STRICT_PROTOTYPES = YES;
				CLANG_WARN_SUSPICIOUS_MOVE = YES;
				CLANG_WARN_UNGUARDED_AVAILABILITY = YES_AGGRESSIVE;
				CLANG_WARN_UNREACHABLE_CODE = YES;
				CLANG_WARN__DUPLICATE_METHOD_MATCH = YES;
				COPY_PHASE_STRIP = NO;
				DEBUG_INFORMATION_FORMAT = "dwarf-with-dsym";
				DEVELOPMENT_TEAM = 7QGFK8Z369;
				ENABLE_NS_ASSERTIONS = NO;
				ENABLE_STRICT_OBJC_MSGSEND = YES;
				ENABLE_USER_SCRIPT_SANDBOXING = YES;
				GCC_C_LANGUAGE_STANDARD = gnu17;
				GCC_NO_COMMON_BLOCKS = YES;
				GCC_WARN_64_TO_32_BIT_CONVERSION = YES;
				GCC_WARN_ABOUT_RETURN_TYPE = YES_ERROR;
				GCC_WARN_UNDECLARED_SELECTOR = YES;
				GCC_WARN_UNINITIALIZED_AUTOS = YES_AGGRESSIVE;
				GCC_WARN_UNUSED_FUNCTION = YES;
				GCC_WARN_UNUSED_VARIABLE = YES;
				IPHONEOS_DEPLOYMENT_TARGET = 26.1;
				LOCALIZATION_PREFERS_STRING_CATALOGS = YES;
				MTL_ENABLE_DEBUG_INFO = NO;
				MTL_FAST_MATH = YES;
				SDKROOT = iphoneos;
				SWIFT_COMPILATION_MODE = wholemodule;
				VALIDATE_PRODUCT = YES;
			};
			name = Release;
		};
		54669B302EBFF49400A2286F /* Debug */ = {
			isa = XCBuildConfiguration;
			buildSettings = {
				ASSETCATALOG_COMPILER_APPICON_NAME = AppIcon;
				ASSETCATALOG_COMPILER_GLOBAL_ACCENT_COLOR_NAME = AccentColor;
				CODE_SIGN_ENTITLEMENTS = BalanceApp/BalanceApp.entitlements;
				CODE_SIGN_STYLE = Automatic;
				CURRENT_PROJECT_VERSION = 1;
				DEVELOPMENT_TEAM = 7QGFK8Z369;
				ENABLE_PREVIEWS = YES;
				GENERATE_INFOPLIST_FILE = YES;
				INFOPLIST_FILE = BalanceApp/Info.plist;
				INFOPLIST_KEY_NSHealthShareUsageDescription = "We need access to your health data to analyze focus cues based on your vitals, sleep, and activity.";
				INFOPLIST_KEY_NSHealthUpdateUsageDescription = "We need to update your health data for tracking purposes.";
				INFOPLIST_KEY_UIApplicationSceneManifest_Generation = YES;
				INFOPLIST_KEY_UIApplicationSupportsIndirectInputEvents = YES;
				INFOPLIST_KEY_UILaunchScreen_Generation = YES;
				INFOPLIST_KEY_UISupportedInterfaceOrientations_iPad = "UIInterfaceOrientationPortrait UIInterfaceOrientationPortraitUpsideDown UIInterfaceOrientationLandscapeLeft UIInterfaceOrientationLandscapeRight";
				INFOPLIST_KEY_UISupportedInterfaceOrientations_iPhone = "UIInterfaceOrientationPortrait UIInterfaceOrientationLandscapeLeft UIInterfaceOrientationLandscapeRight";
				LD_RUNPATH_SEARCH_PATHS = (
					"$(inherited)",
					"@executable_path/Frameworks",
				);
				MARKETING_VERSION = 1.0;
				PRODUCT_BUNDLE_IDENTIFIER = com.JonahZembower.BalanceApp;
				PRODUCT_NAME = "$(TARGET_NAME)";
				STRING_CATALOG_GENERATE_SYMBOLS = YES;
				SWIFT_APPROACHABLE_CONCURRENCY = YES;
				SWIFT_DEFAULT_ACTOR_ISOLATION = MainActor;
				SWIFT_EMIT_LOC_STRINGS = YES;
				SWIFT_UPCOMING_FEATURE_MEMBER_IMPORT_VISIBILITY = YES;
				SWIFT_VERSION = 5.0;
				TARGETED_DEVICE_FAMILY = "1,2";
			};
			name = Debug;
		};
		54669B312EBFF49400A2286F /* Release */ = {
			isa = XCBuildConfiguration;
			buildSettings = {
				ASSETCATALOG_COMPILER_APPICON_NAME = AppIcon;
				ASSETCATALOG_COMPILER_GLOBAL_ACCENT_COLOR_NAME = AccentColor;
				CODE_SIGN_ENTITLEMENTS = BalanceApp/BalanceApp.entitlements;
				CODE_SIGN_STYLE = Automatic;
				CURRENT_PROJECT_VERSION = 1;
				DEVELOPMENT_TEAM = 7QGFK8Z369;
				ENABLE_PREVIEWS = YES;
				GENERATE_INFOPLIST_FILE = YES;
				INFOPLIST_FILE = BalanceApp/Info.plist;
				INFOPLIST_KEY_NSHealthShareUsageDescription = "We need access to your health data to analyze focus cues based on your vitals, sleep, and activity.";
				INFOPLIST_KEY_NSHealthUpdateUsageDescription = "We need to update your health data for tracking purposes.";
				INFOPLIST_KEY_UIApplicationSceneManifest_Generation = YES;
				INFOPLIST_KEY_UIApplicationSupportsIndirectInputEvents = YES;
				INFOPLIST_KEY_UILaunchScreen_Generation = YES;
				INFOPLIST_KEY_UISupportedInterfaceOrientations_iPad = "UIInterfaceOrientationPortrait UIInterfaceOrientationPortraitUpsideDown UIInterfaceOrientationLandscapeLeft UIInterfaceOrientationLandscapeRight";
				INFOPLIST_KEY_UISupportedInterfaceOrientations_iPhone = "UIInterfaceOrientationPortrait UIInterfaceOrientationLandscapeLeft UIInterfaceOrientationLandscapeRight";
				LD_RUNPATH_SEARCH_PATHS = (
					"$(inherited)",
					"@executable_path/Frameworks",
				);
				MARKETING_VERSION = 1.0;
				PRODUCT_BUNDLE_IDENTIFIER = com.JonahZembower.BalanceApp;
				PRODUCT_NAME = "$(TARGET_NAME)";
				STRING_CATALOG_GENERATE_SYMBOLS = YES;
				SWIFT_APPROACHABLE_CONCURRENCY = YES;
				SWIFT_DEFAULT_ACTOR_ISOLATION = MainActor;
				SWIFT_EMIT_LOC_STRINGS = YES;
				SWIFT_UPCOMING_FEATURE_MEMBER_IMPORT_VISIBILITY = YES;
				SWIFT_VERSION = 5.0;
				TARGETED_DEVICE_FAMILY = "1,2";
			};
			name = Release;
		};
		54669B332EBFF49400A2286F /* Debug */ = {
			isa = XCBuildConfiguration;
			buildSettings = {
				BUNDLE_LOADER = "$(TEST_HOST)";
				CODE_SIGN_STYLE = Automatic;
				CURRENT_PROJECT_VERSION = 1;
				DEVELOPMENT_TEAM = 7QGFK8Z369;
				GENERATE_INFOPLIST_FILE = YES;
				IPHONEOS_DEPLOYMENT_TARGET = 26.1;
				MARKETING_VERSION = 1.0;
				PRODUCT_BUNDLE_IDENTIFIER = com.JonahZembower.BalanceAppTests;
				PRODUCT_NAME = "$(TARGET_NAME)";
				STRING_CATALOG_GENERATE_SYMBOLS = NO;
				SWIFT_APPROACHABLE_CONCURRENCY = YES;
				SWIFT_EMIT_LOC_STRINGS = NO;
				SWIFT_UPCOMING_FEATURE_MEMBER_IMPORT_VISIBILITY = YES;
				SWIFT_VERSION = 5.0;
				TARGETED_DEVICE_FAMILY = "1,2";
				TEST_HOST = "$(BUILT_PRODUCTS_DIR)/BalanceApp.app/$(BUNDLE_EXECUTABLE_FOLDER_PATH)/BalanceApp";
			};
			name = Debug;
		};
		54669B342EBFF49400A2286F /* Release */ = {
			isa = XCBuildConfiguration;
			buildSettings = {
				BUNDLE_LOADER = "$(TEST_HOST)";
				CODE_SIGN_STYLE = Automatic;
				CURRENT_PROJECT_VERSION = 1;
				DEVELOPMENT_TEAM = 7QGFK8Z369;
				GENERATE_INFOPLIST_FILE = YES;
				IPHONEOS_DEPLOYMENT_TARGET = 26.1;
				MARKETING_VERSION = 1.0;
				PRODUCT_BUNDLE_IDENTIFIER = com.JonahZembower.BalanceAppTests;
				PRODUCT_NAME = "$(TARGET_NAME)";
				STRING_CATALOG_GENERATE_SYMBOLS = NO;
				SWIFT_APPROACHABLE_CONCURRENCY = YES;
				SWIFT_EMIT_LOC_STRINGS = NO;
				SWIFT_UPCOMING_FEATURE_MEMBER_IMPORT_VISIBILITY = YES;
				SWIFT_VERSION = 5.0;
				TARGETED_DEVICE_FAMILY = "1,2";
				TEST_HOST = "$(BUILT_PRODUCTS_DIR)/BalanceApp.app/$(BUNDLE_EXECUTABLE_FOLDER_PATH)/BalanceApp";
			};
			name = Release;
		};
		54669B362EBFF49400A2286F /* Debug */ = {
			isa = XCBuildConfiguration;
			buildSettings = {
				CODE_SIGN_STYLE = Automatic;
				CURRENT_PROJECT_VERSION = 1;
				DEVELOPMENT_TEAM = 7QGFK8Z369;
				GENERATE_INFOPLIST_FILE = YES;
				MARKETING_VERSION = 1.0;
				PRODUCT_BUNDLE_IDENTIFIER = com.JonahZembower.BalanceAppUITests;
				PRODUCT_NAME = "$(TARGET_NAME)";
				STRING_CATALOG_GENERATE_SYMBOLS = NO;
				SWIFT_APPROACHABLE_CONCURRENCY = YES;
				SWIFT_EMIT_LOC_STRINGS = NO;
				SWIFT_UPCOMING_FEATURE_MEMBER_IMPORT_VISIBILITY = YES;
				SWIFT_VERSION = 5.0;
				TARGETED_DEVICE_FAMILY = "1,2";
				TEST_TARGET_NAME = BalanceApp;
			};
			name = Debug;
		};
		54669B372EBFF49400A2286F /* Release */ = {
			isa = XCBuildConfiguration;
			buildSettings = {
				CODE_SIGN_STYLE = Automatic;
				CURRENT_PROJECT_VERSION = 1;
				DEVELOPMENT_TEAM = 7QGFK8Z369;
				GENERATE_INFOPLIST_FILE = YES;
				MARKETING_VERSION = 1.0;
				PRODUCT_BUNDLE_IDENTIFIER = com.JonahZembower.BalanceAppUITests;
				PRODUCT_NAME = "$(TARGET_NAME)";
				STRING_CATALOG_GENERATE_SYMBOLS = NO;
				SWIFT_APPROACHABLE_CONCURRENCY = YES;
				SWIFT_EMIT_LOC_STRINGS = NO;
				SWIFT_UPCOMING_FEATURE_MEMBER_IMPORT_VISIBILITY = YES;
				SWIFT_VERSION = 5.0;
				TARGETED_DEVICE_FAMILY = "1,2";
				TEST_TARGET_NAME = BalanceApp;
			};
			name = Release;
		};
/* End XCBuildConfiguration section */

/* Begin XCConfigurationList section */
		54669B072EBFF49200A2286F /* Build configuration list for PBXProject "BalanceApp" */ = {
			isa = XCConfigurationList;
			buildConfigurations = (
				54669B2D2EBFF49400A2286F /* Debug */,
				54669B2E2EBFF49400A2286F /* Release */,
			);
			defaultConfigurationIsVisible = 0;
			defaultConfigurationName = Release;
		};
		54669B2F2EBFF49400A2286F /* Build configuration list for PBXNativeTarget "BalanceApp" */ = {
			isa = XCConfigurationList;
			buildConfigurations = (
				54669B302EBFF49400A2286F /* Debug */,
				54669B312EBFF49400A2286F /* Release */,
			);
			defaultConfigurationIsVisible = 0;
			defaultConfigurationName = Release;
		};
		54669B322EBFF49400A2286F /* Build configuration list for PBXNativeTarget "BalanceAppTests" */ = {
			isa = XCConfigurationList;
			buildConfigurations = (
				54669B332EBFF49400A2286F /* Debug */,
				54669B342EBFF49400A2286F /* Release */,
			);
			defaultConfigurationIsVisible = 0;
			defaultConfigurationName = Release;
		};
		54669B352EBFF49400A2286F /* Build configuration list for PBXNativeTarget "BalanceAppUITests" */ = {
			isa = XCConfigurationList;
			buildConfigurations = (
				54669B362EBFF49400A2286F /* Debug */,
				54669B372EBFF49400A2286F /* Release */,
			);
			defaultConfigurationIsVisible = 0;
			defaultConfigurationName = Release;
		};
/* End XCConfigurationList section */
	};
	rootObject = 54669B042EBFF49200A2286F /* Project object */;
}
